Microsoft Visual Studio Solution File, Format Version 12.00
# Visual Studio Version 17
VisualStudioVersion = 17.5.002.0
MinimumVisualStudioVersion = 10.0.40219.1
Project("{2150E333-8FDC-42A3-9474-1A3956D46DE8}") = "src", "src", "{E8AE280F-E833-47A5-9CCC-C31259441183}"
EndProject
Project("{9A19103F-16F7-4668-BE54-9A1E7A4F7556}") = "MaruanBH.Api", ".\MaruanBH.Api\MaruanBH.Api.csproj", "{58912E6E-29D6-4B3F-B844-7357637481E8}"
EndProject
Global
	GlobalSection(SolutionConfigurationPlatforms) = preSolution
		Debug|Any CPU = Debug|Any CPU
		Release|Any CPU = Release|Any CPU
	EndGlobalSection
	GlobalSection(ProjectConfigurationPlatforms) = postSolution
		{58912E6E-29D6-4B3F-B844-7357637481E8}.Debug|Any CPU.ActiveCfg = Debug|Any CPU
		{58912E6E-29D6-4B3F-B844-7357637481E8}.Debug|Any CPU.Build.0 = Debug|Any CPU
		{58912E6E-29D6-4B3F-B844-7357637481E8}.Release|Any CPU.ActiveCfg = Release|Any CPU
		{58912E6E-29D6-4B3F-B844-7357637481E8}.Release|Any CPU.Build.0 = Release|Any CPU
	EndGlobalSection
	GlobalSection(SolutionProperties) = preSolution
		HideSolutionNode = FALSE
	EndGlobalSection
	GlobalSection(NestedProjects) = preSolution
		{58912E6E-29D6-4B3F-B844-7357637481E8} = {E8AE280F-E833-47A5-9CCC-C31259441183}
	EndGlobalSection
	GlobalSection(ExtensibilityGlobals) = postSolution
		SolutionGuid = {E2732142-F709-413E-AAC6-1758BB8DB33A}
	EndGlobalSection
EndGlobal
